
Microsoft Visual Studio Solution File, Format Version 12.00
# Visual Studio Version 16
VisualStudioVersion = 16.0.29102.190
MinimumVisualStudioVersion = 10.0.40219.1
Project("{9A19103F-16F7-4668-BE54-9A1E7A4F7556}") = "BindingBits", "BindingBits\BindingBits.csproj", "{055A7059-DB40-40A8-B919-B60556D4E01E}"
EndProject
Project("{2150E333-8FDC-42A3-9474-1A3956D46DE8}") = "Solution Items", "Solution Items", "{2AE121CE-DE78-43A0-8B4F-C43E82CFD2B0}"
	ProjectSection(SolutionItems) = preProject
		CHANGELOG.md = CHANGELOG.md
		LICENSE = LICENSE
		README.md = README.md
	EndProjectSection
EndProject
Project("{9A19103F-16F7-4668-BE54-9A1E7A4F7556}") = "BindingBits.UnitTests", "BindingBits.UnitTests\BindingBits.UnitTests.csproj", "{BA2EED20-0E27-46B3-97E9-9055A8BE2ADF}"
EndProject
Global
	GlobalSection(SolutionConfigurationPlatforms) = preSolution
		Debug|Any CPU = Debug|Any CPU
		Release|Any CPU = Release|Any CPU
	EndGlobalSection
	GlobalSection(ProjectConfigurationPlatforms) = postSolution
		{055A7059-DB40-40A8-B919-B60556D4E01E}.Debug|Any CPU.ActiveCfg = Debug|Any CPU
		{055A7059-DB40-40A8-B919-B60556D4E01E}.Debug|Any CPU.Build.0 = Debug|Any CPU
		{055A7059-DB40-40A8-B919-B60556D4E01E}.Release|Any CPU.ActiveCfg = Release|Any CPU
		{055A7059-DB40-40A8-B919-B60556D4E01E}.Release|Any CPU.Build.0 = Release|Any CPU
		{BA2EED20-0E27-46B3-97E9-9055A8BE2ADF}.Debug|Any CPU.ActiveCfg = Debug|Any CPU
		{BA2EED20-0E27-46B3-97E9-9055A8BE2ADF}.Debug|Any CPU.Build.0 = Debug|Any CPU
		{BA2EED20-0E27-46B3-97E9-9055A8BE2ADF}.Release|Any CPU.ActiveCfg = Release|Any CPU
		{BA2EED20-0E27-46B3-97E9-9055A8BE2ADF}.Release|Any CPU.Build.0 = Release|Any CPU
	EndGlobalSection
	GlobalSection(SolutionProperties) = preSolution
		HideSolutionNode = FALSE
	EndGlobalSection
	GlobalSection(ExtensibilityGlobals) = postSolution
		SolutionGuid = {10D0552E-4CBE-48BE-9F9C-5EA4F275823F}
	EndGlobalSection
EndGlobal
